// !$*UTF8*$!
{
	archiveVersion = 1;
	classes = {
	};
	objectVersion = 56;
	objects = {

/* Begin PBXBuildFile section */
		328CFA872916EC88005FA9BF /* LoginViewController.swift in Sources */ = {isa = PBXBuildFile; fileRef = 328CFA862916EC88005FA9BF /* LoginViewController.swift */; };
		328E16532917E8D70021A9B0 /* ResultViewController.swift in Sources */ = {isa = PBXBuildFile; fileRef = 328E16522917E8D70021A9B0 /* ResultViewController.swift */; };
		32EC47DA29159BB6000E3B53 /* AppDelegate.swift in Sources */ = {isa = PBXBuildFile; fileRef = 32EC47D929159BB6000E3B53 /* AppDelegate.swift */; };
		32EC47DC29159BB6000E3B53 /* SceneDelegate.swift in Sources */ = {isa = PBXBuildFile; fileRef = 32EC47DB29159BB6000E3B53 /* SceneDelegate.swift */; };
		32EC47DE29159BB6000E3B53 /* ViewController.swift in Sources */ = {isa = PBXBuildFile; fileRef = 32EC47DD29159BB6000E3B53 /* ViewController.swift */; };
		32EC47E129159BB6000E3B53 /* Main.storyboard in Resources */ = {isa = PBXBuildFile; fileRef = 32EC47DF29159BB6000E3B53 /* Main.storyboard */; };
		32EC47E329159BB9000E3B53 /* Assets.xcassets in Resources */ = {isa = PBXBuildFile; fileRef = 32EC47E229159BB9000E3B53 /* Assets.xcassets */; };
		32EC47E629159BB9000E3B53 /* LaunchScreen.storyboard in Resources */ = {isa = PBXBuildFile; fileRef = 32EC47E429159BB9000E3B53 /* LaunchScreen.storyboard */; };
		32EC47F129159BB9000E3B53 /* loginTests.swift in Sources */ = {isa = PBXBuildFile; fileRef = 32EC47F029159BB9000E3B53 /* loginTests.swift */; };
		32EC47FB29159BB9000E3B53 /* loginUITests.swift in Sources */ = {isa = PBXBuildFile; fileRef = 32EC47FA29159BB9000E3B53 /* loginUITests.swift */; };
		32EC47FD29159BB9000E3B53 /* loginUITestsLaunchTests.swift in Sources */ = {isa = PBXBuildFile; fileRef = 32EC47FC29159BB9000E3B53 /* loginUITestsLaunchTests.swift */; };
/* End PBXBuildFile section */

/* Begin PBXContainerItemProxy section */
		32EC47ED29159BB9000E3B53 /* PBXContainerItemProxy */ = {
			isa = PBXContainerItemProxy;
			containerPortal = 32EC47CE29159BB6000E3B53 /* Project object */;
			proxyType = 1;
			remoteGlobalIDString = 32EC47D529159BB6000E3B53;
			remoteInfo = login;
		};
		32EC47F729159BB9000E3B53 /* PBXContainerItemProxy */ = {
			isa = PBXContainerItemProxy;
			containerPortal = 32EC47CE29159BB6000E3B53 /* Project object */;
			proxyType = 1;
			remoteGlobalIDString = 32EC47D529159BB6000E3B53;
			remoteInfo = login;
		};
/* End PBXContainerItemProxy section */

/* Begin PBXFileReference section */
		328CFA862916EC88005FA9BF /* LoginViewController.swift */ = {isa = PBXFileReference; lastKnownFileType = sourcecode.swift; path = LoginViewController.swift; sourceTree = "<group>"; };
		328E16522917E8D70021A9B0 /* ResultViewController.swift */ = {isa = PBXFileReference; lastKnownFileType = sourcecode.swift; path = ResultViewController.swift; sourceTree = "<group>"; };
		32EC47D629159BB6000E3B53 /* login.app */ = {isa = PBXFileReference; explicitFileType = wrapper.application; includeInIndex = 0; path = login.app; sourceTree = BUILT_PRODUCTS_DIR; };
		32EC47D929159BB6000E3B53 /* AppDelegate.swift */ = {isa = PBXFileReference; lastKnownFileType = sourcecode.swift; path = AppDelegate.swift; sourceTree = "<group>"; };
		32EC47DB29159BB6000E3B53 /* SceneDelegate.swift */ = {isa = PBXFileReference; lastKnownFileType = sourcecode.swift; path = SceneDelegate.swift; sourceTree = "<group>"; };
		32EC47DD29159BB6000E3B53 /* ViewController.swift */ = {isa = PBXFileReference; lastKnownFileType = sourcecode.swift; path = ViewController.swift; sourceTree = "<group>"; };
		32EC47E029159BB6000E3B53 /* Base */ = {isa = PBXFileReference; lastKnownFileType = file.storyboard; name = Base; path = Base.lproj/Main.storyboard; sourceTree = "<group>"; };
		32EC47E229159BB9000E3B53 /* Assets.xcassets */ = {isa = PBXFileReference; lastKnownFileType = folder.assetcatalog; path = Assets.xcassets; sourceTree = "<group>"; };
		32EC47E529159BB9000E3B53 /* Base */ = {isa = PBXFileReference; lastKnownFileType = file.storyboard; name = Base; path = Base.lproj/LaunchScreen.storyboard; sourceTree = "<group>"; };
		32EC47E729159BB9000E3B53 /* Info.plist */ = {isa = PBXFileReference; lastKnownFileType = text.plist.xml; path = Info.plist; sourceTree = "<group>"; };
		32EC47EC29159BB9000E3B53 /* loginTests.xctest */ = {isa = PBXFileReference; explicitFileType = wrapper.cfbundle; includeInIndex = 0; path = loginTests.xctest; sourceTree = BUILT_PRODUCTS_DIR; };
		32EC47F029159BB9000E3B53 /* loginTests.swift */ = {isa = PBXFileReference; lastKnownFileType = sourcecode.swift; path = loginTests.swift; sourceTree = "<group>"; };
		32EC47F629159BB9000E3B53 /* loginUITests.xctest */ = {isa = PBXFileReference; explicitFileType = wrapper.cfbundle; includeInIndex = 0; path = loginUITests.xctest; sourceTree = BUILT_PRODUCTS_DIR; };
		32EC47FA29159BB9000E3B53 /* loginUITests.swift */ = {isa = PBXFileReference; lastKnownFileType = sourcecode.swift; path = loginUITests.swift; sourceTree = "<group>"; };
		32EC47FC29159BB9000E3B53 /* loginUITestsLaunchTests.swift */ = {isa = PBXFileReference; lastKnownFileType = sourcecode.swift; path = loginUITestsLaunchTests.swift; sourceTree = "<group>"; };
/* End PBXFileReference section */

/* Begin PBXFrameworksBuildPhase section */
		32EC47D329159BB6000E3B53 /* Frameworks */ = {
			isa = PBXFrameworksBuildPhase;
			buildActionMask = 2147483647;
			files = (
			);
			runOnlyForDeploymentPostprocessing = 0;
		};
		32EC47E929159BB9000E3B53 /* Frameworks */ = {
			isa = PBXFrameworksBuildPhase;
			buildActionMask = 2147483647;
			files = (
			);
			runOnlyForDeploymentPostprocessing = 0;
		};
		32EC47F329159BB9000E3B53 /* Frameworks */ = {
			isa = PBXFrameworksBuildPhase;
			buildActionMask = 2147483647;
			files = (
			);
			runOnlyForDeploymentPostprocessing = 0;
		};
/* End PBXFrameworksBuildPhase section */

/* Begin PBXGroup section */
		32EC47CD29159BB6000E3B53 = {
			isa = PBXGroup;
			children = (
				32EC47D829159BB6000E3B53 /* login */,
				32EC47EF29159BB9000E3B53 /* loginTests */,
				32EC47F929159BB9000E3B53 /* loginUITests */,
				32EC47D729159BB6000E3B53 /* Products */,
			);
			sourceTree = "<group>";
		};
		32EC47D729159BB6000E3B53 /* Products */ = {
			isa = PBXGroup;
			children = (
				32EC47D629159BB6000E3B53 /* login.app */,
				32EC47EC29159BB9000E3B53 /* loginTests.xctest */,
				32EC47F629159BB9000E3B53 /* loginUITests.xctest */,
			);
			name = Products;
			sourceTree = "<group>";
		};
		32EC47D829159BB6000E3B53 /* login */ = {
			isa = PBXGroup;
			children = (
				32EC47D929159BB6000E3B53 /* AppDelegate.swift */,
				32EC47DB29159BB6000E3B53 /* SceneDelegate.swift */,
				32EC47DD29159BB6000E3B53 /* ViewController.swift */,
				328CFA862916EC88005FA9BF /* LoginViewController.swift */,
				32EC47DF29159BB6000E3B53 /* Main.storyboard */,
				32EC47E229159BB9000E3B53 /* Assets.xcassets */,
				32EC47E429159BB9000E3B53 /* LaunchScreen.storyboard */,
				32EC47E729159BB9000E3B53 /* Info.plist */,
				328E16522917E8D70021A9B0 /* ResultViewController.swift */,
			);
			path = login;
			sourceTree = "<group>";
		};
		32EC47EF29159BB9000E3B53 /* loginTests */ = {
			isa = PBXGroup;
			children = (
				32EC47F029159BB9000E3B53 /* loginTests.swift */,
			);
			path = loginTests;
			sourceTree = "<group>";
		};
		32EC47F929159BB9000E3B53 /* loginUITests */ = {
			isa = PBXGroup;
			children = (
				32EC47FA29159BB9000E3B53 /* loginUITests.swift */,
				32EC47FC29159BB9000E3B53 /* loginUITestsLaunchTests.swift */,
			);
			path = loginUITests;
			sourceTree = "<group>";
		};
/* End PBXGroup section */

/* Begin PBXNativeTarget section */
		32EC47D529159BB6000E3B53 /* login */ = {
			isa = PBXNativeTarget;
			buildConfigurationList = 32EC480029159BB9000E3B53 /* Build configuration list for PBXNativeTarget "login" */;
			buildPhases = (
				32EC47D229159BB6000E3B53 /* Sources */,
				32EC47D329159BB6000E3B53 /* Frameworks */,
				32EC47D429159BB6000E3B53 /* Resources */,
			);
			buildRules = (
			);
			dependencies = (
			);
			name = login;
			productName = login;
			productReference = 32EC47D629159BB6000E3B53 /* login.app */;
			productType = "com.apple.product-type.application";
		};
		32EC47EB29159BB9000E3B53 /* loginTests */ = {
			isa = PBXNativeTarget;
			buildConfigurationList = 32EC480329159BB9000E3B53 /* Build configuration list for PBXNativeTarget "loginTests" */;
			buildPhases = (
				32EC47E829159BB9000E3B53 /* Sources */,
				32EC47E929159BB9000E3B53 /* Frameworks */,
				32EC47EA29159BB9000E3B53 /* Resources */,
			);
			buildRules = (
			);
			dependencies = (
				32EC47EE29159BB9000E3B53 /* PBXTargetDependency */,
			);
			name = loginTests;
			productName = loginTests;
			productReference = 32EC47EC29159BB9000E3B53 /* loginTests.xctest */;
			productType = "com.apple.product-type.bundle.unit-test";
		};
		32EC47F529159BB9000E3B53 /* loginUITests */ = {
			isa = PBXNativeTarget;
			buildConfigurationList = 32EC480629159BB9000E3B53 /* Build configuration list for PBXNativeTarget "loginUITests" */;
			buildPhases = (
				32EC47F229159BB9000E3B53 /* Sources */,
				32EC47F329159BB9000E3B53 /* Frameworks */,
				32EC47F429159BB9000E3B53 /* Resources */,
			);
			buildRules = (
			);
			dependencies = (
				32EC47F829159BB9000E3B53 /* PBXTargetDependency */,
			);
			name = loginUITests;
			productName = loginUITests;
			productReference = 32EC47F629159BB9000E3B53 /* loginUITests.xctest */;
			productType = "com.apple.product-type.bundle.ui-testing";
		};
/* End PBXNativeTarget section */

/* Begin PBXProject section */
		32EC47CE29159BB6000E3B53 /* Project object */ = {
			isa = PBXProject;
			attributes = {
				BuildIndependentTargetsInParallel = 1;
				LastSwiftUpdateCheck = 1410;
				LastUpgradeCheck = 1410;
				TargetAttributes = {
					32EC47D529159BB6000E3B53 = {
						CreatedOnToolsVersion = 14.1;
					};
					32EC47EB29159BB9000E3B53 = {
						CreatedOnToolsVersion = 14.1;
						TestTargetID = 32EC47D529159BB6000E3B53;
					};
					32EC47F529159BB9000E3B53 = {
						CreatedOnToolsVersion = 14.1;
						TestTargetID = 32EC47D529159BB6000E3B53;
					};
				};
			};
			buildConfigurationList = 32EC47D129159BB6000E3B53 /* Build configuration list for PBXProject "login" */;
			compatibilityVersion = "Xcode 14.0";
			developmentRegion = en;
			hasScannedForEncodings = 0;
			knownRegions = (
				en,
				Base,
			);
			mainGroup = 32EC47CD29159BB6000E3B53;
			productRefGroup = 32EC47D729159BB6000E3B53 /* Products */;
			projectDirPath = "";
			projectRoot = "";
			targets = (
				32EC47D529159BB6000E3B53 /* login */,
				32EC47EB29159BB9000E3B53 /* loginTests */,
				32EC47F529159BB9000E3B53 /* loginUITests */,
			);
		};
/* End PBXProject section */

/* Begin PBXResourcesBuildPhase section */
		32EC47D429159BB6000E3B53 /* Resources */ = {
			isa = PBXResourcesBuildPhase;
			buildActionMask = 2147483647;
			files = (
				32EC47E629159BB9000E3B53 /* LaunchScreen.storyboard in Resources */,
				32EC47E329159BB9000E3B53 /* Assets.xcassets in Resources */,
				32EC47E129159BB6000E3B53 /* Main.storyboard in Resources */,
			);
			runOnlyForDeploymentPostprocessing = 0;
		};
		32EC47EA29159BB9000E3B53 /* Resources */ = {
			isa = PBXResourcesBuildPhase;
			buildActionMask = 2147483647;
			files = (
			);
			runOnlyForDeploymentPostprocessing = 0;
		};
		32EC47F429159BB9000E3B53 /* Resources */ = {
			isa = PBXResourcesBuildPhase;
			buildActionMask = 2147483647;
			files = (
			);
			runOnlyForDeploymentPostprocessing = 0;
		};
/* End PBXResourcesBuildPhase section */

/* Begin PBXSourcesBuildPhase section */
		32EC47D229159BB6000E3B53 /* Sources */ = {
			isa = PBXSourcesBuildPhase;
			buildActionMask = 2147483647;
			files = (
				328E16532917E8D70021A9B0 /* ResultViewController.swift in Sources */,
				328CFA872916EC88005FA9BF /* LoginViewController.swift in Sources */,
				32EC47DE29159BB6000E3B53 /* ViewController.swift in Sources */,
				32EC47DA29159BB6000E3B53 /* AppDelegate.swift in Sources */,
				32EC47DC29159BB6000E3B53 /* SceneDelegate.swift in Sources */,
			);
			runOnlyForDeploymentPostprocessing = 0;
		};
		32EC47E829159BB9000E3B53 /* Sources */ = {
			isa = PBXSourcesBuildPhase;
			buildActionMask = 2147483647;
			files = (
				32EC47F129159BB9000E3B53 /* loginTests.swift in Sources */,
			);
			runOnlyForDeploymentPostprocessing = 0;
		};
		32EC47F229159BB9000E3B53 /* Sources */ = {
			isa = PBXSourcesBuildPhase;
			buildActionMask = 2147483647;
			files = (
				32EC47FD29159BB9000E3B53 /* loginUITestsLaunchTests.swift in Sources */,
				32EC47FB29159BB9000E3B53 /* loginUITests.swift in Sources */,
			);
			runOnlyForDeploymentPostprocessing = 0;
		};
/* End PBXSourcesBuildPhase section */

/* Begin PBXTargetDependency section */
		32EC47EE29159BB9000E3B53 /* PBXTargetDependency */ = {
			isa = PBXTargetDependency;
			target = 32EC47D529159BB6000E3B53 /* login */;
			targetProxy = 32EC47ED29159BB9000E3B53 /* PBXContainerItemProxy */;
		};
		32EC47F829159BB9000E3B53 /* PBXTargetDependency */ = {
			isa = PBXTargetDependency;
			target = 32EC47D529159BB6000E3B53 /* login */;
			targetProxy = 32EC47F729159BB9000E3B53 /* PBXContainerItemProxy */;
		};
/* End PBXTargetDependency section */

/* Begin PBXVariantGroup section */
		32EC47DF29159BB6000E3B53 /* Main.storyboard */ = {
			isa = PBXVariantGroup;
			children = (
				32EC47E029159BB6000E3B53 /* Base */,
			);
			name = Main.storyboard;
			sourceTree = "<group>";
		};
		32EC47E429159BB9000E3B53 /* LaunchScreen.storyboard */ = {
			isa = PBXVariantGroup;
			children = (
				32EC47E529159BB9000E3B53 /* Base */,
			);
			name = LaunchScreen.storyboard;
			sourceTree = "<group>";
		};
/* End PBXVariantGroup section */

/* Begin XCBuildConfiguration section */
		32EC47FE29159BB9000E3B53 /* Debug */ = {
			isa = XCBuildConfiguration;
			buildSettings = {
				ALWAYS_SEARCH_USER_PATHS = NO;
				CLANG_ANALYZER_NONNULL = YES;
				CLANG_ANALYZER_NUMBER_OBJECT_CONVERSION = YES_AGGRESSIVE;
				CLANG_CXX_LANGUAGE_STANDARD = "gnu++20";
				CLANG_ENABLE_MODULES = YES;
				CLANG_ENABLE_OBJC_ARC = YES;
				CLANG_ENABLE_OBJC_WEAK = YES;
				CLANG_WARN_BLOCK_CAPTURE_AUTORELEASING = YES;
				CLANG_WARN_BOOL_CONVERSION = YES;
				CLANG_WARN_COMMA = YES;
				CLANG_WARN_CONSTANT_CONVERSION = YES;
				CLANG_WARN_DEPRECATED_OBJC_IMPLEMENTATIONS = YES;
				CLANG_WARN_DIRECT_OBJC_ISA_USAGE = YES_ERROR;
				CLANG_WARN_DOCUMENTATION_COMMENTS = YES;
				CLANG_WARN_EMPTY_BODY = YES;
				CLANG_WARN_ENUM_CONVERSION = YES;
				CLANG_WARN_INFINITE_RECURSION = YES;
				CLANG_WARN_INT_CONVERSION = YES;
				CLANG_WARN_NON_LITERAL_NULL_CONVERSION = YES;
				CLANG_WARN_OBJC_IMPLICIT_RETAIN_SELF = YES;
				CLANG_WARN_OBJC_LITERAL_CONVERSION = YES;
				CLANG_WARN_OBJC_ROOT_CLASS = YES_ERROR;
				CLANG_WARN_QUOTED_INCLUDE_IN_FRAMEWORK_HEADER = YES;
				CLANG_WARN_RANGE_LOOP_ANALYSIS = YES;
				CLANG_WARN_STRICT_PROTOTYPES = YES;
				CLANG_WARN_SUSPICIOUS_MOVE = YES;
				CLANG_WARN_UNGUARDED_AVAILABILITY = YES_AGGRESSIVE;
				CLANG_WARN_UNREACHABLE_CODE = YES;
				CLANG_WARN__DUPLICATE_METHOD_MATCH = YES;
				COPY_PHASE_STRIP = NO;
				DEBUG_INFORMATION_FORMAT = dwarf;
				ENABLE_STRICT_OBJC_MSGSEND = YES;
				ENABLE_TESTABILITY = YES;
				GCC_C_LANGUAGE_STANDARD = gnu11;
				GCC_DYNAMIC_NO_PIC = NO;
				GCC_NO_COMMON_BLOCKS = YES;
				GCC_OPTIMIZATION_LEVEL = 0;
				GCC_PREPROCESSOR_DEFINITIONS = (
					"DEBUG=1",
					"$(inherited)",
				);
				GCC_WARN_64_TO_32_BIT_CONVERSION = YES;
				GCC_WARN_ABOUT_RETURN_TYPE = YES_ERROR;
				GCC_WARN_UNDECLARED_SELECTOR = YES;
				GCC_WARN_UNINITIALIZED_AUTOS = YES_AGGRESSIVE;
				GCC_WARN_UNUSED_FUNCTION = YES;
				GCC_WARN_UNUSED_VARIABLE = YES;
				IPHONEOS_DEPLOYMENT_TARGET = 16.1;
				MTL_ENABLE_DEBUG_INFO = INCLUDE_SOURCE;
				MTL_FAST_MATH = YES;
				ONLY_ACTIVE_ARCH = YES;
				SDKROOT = iphoneos;
				SWIFT_ACTIVE_COMPILATION_CONDITIONS = DEBUG;
				SWIFT_OPTIMIZATION_LEVEL = "-Onone";
			};
			name = Debug;
		};
		32EC47FF29159BB9000E3B53 /* Release */ = {
			isa = XCBuildConfiguration;
			buildSettings = {
				ALWAYS_SEARCH_USER_PATHS = NO;
				CLANG_ANALYZER_NONNULL = YES;
				CLANG_ANALYZER_NUMBER_OBJECT_CONVERSION = YES_AGGRESSIVE;
				CLANG_CXX_LANGUAGE_STANDARD = "gnu++20";
				CLANG_ENABLE_MODULES = YES;
				CLANG_ENABLE_OBJC_ARC = YES;
				CLANG_ENABLE_OBJC_WEAK = YES;
				CLANG_WARN_BLOCK_CAPTURE_AUTORELEASING = YES;
				CLANG_WARN_BOOL_CONVERSION = YES;
				CLANG_WARN_COMMA = YES;
				CLANG_WARN_CONSTANT_CONVERSION = YES;
				CLANG_WARN_DEPRECATED_OBJC_IMPLEMENTATIONS = YES;
				CLANG_WARN_DIRECT_OBJC_ISA_USAGE = YES_ERROR;
				CLANG_WARN_DOCUMENTATION_COMMENTS = YES;
				CLANG_WARN_EMPTY_BODY = YES;
				CLANG_WARN_ENUM_CONVERSION = YES;
				CLANG_WARN_INFINITE_RECURSION = YES;
				CLANG_WARN_INT_CONVERSION = YES;
				CLANG_WARN_NON_LITERAL_NULL_CONVERSION = YES;
				CLANG_WARN_OBJC_IMPLICIT_RETAIN_SELF = YES;
				CLANG_WARN_OBJC_LITERAL_CONVERSION = YES;
				CLANG_WARN_OBJC_ROOT_CLASS = YES_ERROR;
				CLANG_WARN_QUOTED_INCLUDE_IN_FRAMEWORK_HEADER = YES;
				CLANG_WARN_RANGE_LOOP_ANALYSIS = YES;
				CLANG_WARN_STRICT_PROTOTYPES = YES;
				CLANG_WARN_SUSPICIOUS_MOVE = YES;
				CLANG_WARN_UNGUARDED_AVAILABILITY = YES_AGGRESSIVE;
				CLANG_WARN_UNREACHABLE_CODE = YES;
				CLANG_WARN__DUPLICATE_METHOD_MATCH = YES;
				COPY_PHASE_STRIP = NO;
				DEBUG_INFORMATION_FORMAT = "dwarf-with-dsym";
				ENABLE_NS_ASSERTIONS = NO;
				ENABLE_STRICT_OBJC_MSGSEND = YES;
				GCC_C_LANGUAGE_STANDARD = gnu11;
				GCC_NO_COMMON_BLOCKS = YES;
				GCC_WARN_64_TO_32_BIT_CONVERSION = YES;
				GCC_WARN_ABOUT_RETURN_TYPE = YES_ERROR;
				GCC_WARN_UNDECLARED_SELECTOR = YES;
				GCC_WARN_UNINITIALIZED_AUTOS = YES_AGGRESSIVE;
				GCC_WARN_UNUSED_FUNCTION = YES;
				GCC_WARN_UNUSED_VARIABLE = YES;
				IPHONEOS_DEPLOYMENT_TARGET = 16.1;
				MTL_ENABLE_DEBUG_INFO = NO;
				MTL_FAST_MATH = YES;
				SDKROOT = iphoneos;
				SWIFT_COMPILATION_MODE = wholemodule;
				SWIFT_OPTIMIZATION_LEVEL = "-O";
				VALIDATE_PRODUCT = YES;
			};
			name = Release;
		};
		32EC480129159BB9000E3B53 /* Debug */ = {
			isa = XCBuildConfiguration;
			buildSettings = {
				ASSETCATALOG_COMPILER_APPICON_NAME = AppIcon;
				ASSETCATALOG_COMPILER_GLOBAL_ACCENT_COLOR_NAME = AccentColor;
				CODE_SIGN_STYLE = Automatic;
				CURRENT_PROJECT_VERSION = 1;
				GENERATE_INFOPLIST_FILE = YES;
				INFOPLIST_FILE = login/Info.plist;
				INFOPLIST_KEY_UIApplicationSupportsIndirectInputEvents = YES;
				INFOPLIST_KEY_UILaunchStoryboardName = LaunchScreen;
				INFOPLIST_KEY_UIMainStoryboardFile = Main;
				INFOPLIST_KEY_UISupportedInterfaceOrientations_iPad = "UIInterfaceOrientationPortrait UIInterfaceOrientationPortraitUpsideDown UIInterfaceOrientationLandscapeLeft UIInterfaceOrientationLandscapeRight";
				INFOPLIST_KEY_UISupportedInterfaceOrientations_iPhone = "UIInterfaceOrientationPortrait UIInterfaceOrientationLandscapeLeft UIInterfaceOrientationLandscapeRight";
				LD_RUNPATH_SEARCH_PATHS = (
					"$(inherited)",
					"@executable_path/Frameworks",
				);
				MARKETING_VERSION = 1.0;
				PRODUCT_BUNDLE_IDENTIFIER = project.login;
				PRODUCT_NAME = "$(TARGET_NAME)";
				SWIFT_EMIT_LOC_STRINGS = YES;
				SWIFT_VERSION = 5.0;
				TARGETED_DEVICE_FAMILY = "1,2";
			};
			name = Debug;
		};
		32EC480229159BB9000E3B53 /* Release */ = {
			isa = XCBuildConfiguration;
			buildSettings = {
				ASSETCATALOG_COMPILER_APPICON_NAME = AppIcon;
				ASSETCATALOG_COMPILER_GLOBAL_ACCENT_COLOR_NAME = AccentColor;
				CODE_SIGN_STYLE = Automatic;
				CURRENT_PROJECT_VERSION = 1;
				GENERATE_INFOPLIST_FILE = YES;
				INFOPLIST_FILE = login/Info.plist;
				INFOPLIST_KEY_UIApplicationSupportsIndirectInputEvents = YES;
				INFOPLIST_KEY_UILaunchStoryboardName = LaunchScreen;
				INFOPLIST_KEY_UIMainStoryboardFile = Main;
				INFOPLIST_KEY_UISupportedInterfaceOrientations_iPad = "UIInterfaceOrientationPortrait UIInterfaceOrientationPortraitUpsideDown UIInterfaceOrientationLandscapeLeft UIInterfaceOrientationLandscapeRight";
				INFOPLIST_KEY_UISupportedInterfaceOrientations_iPhone = "UIInterfaceOrientationPortrait UIInterfaceOrientationLandscapeLeft UIInterfaceOrientationLandscapeRight";
				LD_RUNPATH_SEARCH_PATHS = (
					"$(inherited)",
					"@executable_path/Frameworks",
				);
				MARKETING_VERSION = 1.0;
				PRODUCT_BUNDLE_IDENTIFIER = project.login;
				PRODUCT_NAME = "$(TARGET_NAME)";
				SWIFT_EMIT_LOC_STRINGS = YES;
				SWIFT_VERSION = 5.0;
				TARGETED_DEVICE_FAMILY = "1,2";
			};
			name = Release;
		};
		32EC480429159BB9000E3B53 /* Debug */ = {
			isa = XCBuildConfiguration;
			buildSettings = {
				ALWAYS_EMBED_SWIFT_STANDARD_LIBRARIES = YES;
				BUNDLE_LOADER = "$(TEST_HOST)";
				CODE_SIGN_STYLE = Automatic;
				CURRENT_PROJECT_VERSION = 1;
				GENERATE_INFOPLIST_FILE = YES;
				IPHONEOS_DEPLOYMENT_TARGET = 16.1;
				MARKETING_VERSION = 1.0;
				PRODUCT_BUNDLE_IDENTIFIER = project.loginTests;
				PRODUCT_NAME = "$(TARGET_NAME)";
				SWIFT_EMIT_LOC_STRINGS = NO;
				SWIFT_VERSION = 5.0;
				TARGETED_DEVICE_FAMILY = "1,2";
				TEST_HOST = "$(BUILT_PRODUCTS_DIR)/login.app/$(BUNDLE_EXECUTABLE_FOLDER_PATH)/login";
			};
			name = Debug;
		};
		32EC480529159BB9000E3B53 /* Release */ = {
			isa = XCBuildConfiguration;
			buildSettings = {
				ALWAYS_EMBED_SWIFT_STANDARD_LIBRARIES = YES;
				BUNDLE_LOADER = "$(TEST_HOST)";
				CODE_SIGN_STYLE = Automatic;
				CURRENT_PROJECT_VERSION = 1;
				GENERATE_INFOPLIST_FILE = YES;
				IPHONEOS_DEPLOYMENT_TARGET = 16.1;
				MARKETING_VERSION = 1.0;
				PRODUCT_BUNDLE_IDENTIFIER = project.loginTests;
				PRODUCT_NAME = "$(TARGET_NAME)";
				SWIFT_EMIT_LOC_STRINGS = NO;
				SWIFT_VERSION = 5.0;
				TARGETED_DEVICE_FAMILY = "1,2";
				TEST_HOST = "$(BUILT_PRODUCTS_DIR)/login.app/$(BUNDLE_EXECUTABLE_FOLDER_PATH)/login";
			};
			name = Release;
		};
		32EC480729159BB9000E3B53 /* Debug */ = {
			isa = XCBuildConfiguration;
			buildSettings = {
				ALWAYS_EMBED_SWIFT_STANDARD_LIBRARIES = YES;
				CODE_SIGN_STYLE = Automatic;
				CURRENT_PROJECT_VERSION = 1;
				GENERATE_INFOPLIST_FILE = YES;
				MARKETING_VERSION = 1.0;
				PRODUCT_BUNDLE_IDENTIFIER = project.loginUITests;
				PRODUCT_NAME = "$(TARGET_NAME)";
				SWIFT_EMIT_LOC_STRINGS = NO;
				SWIFT_VERSION = 5.0;
				TARGETED_DEVICE_FAMILY = "1,2";
				TEST_TARGET_NAME = login;
			};
			name = Debug;
		};
		32EC480829159BB9000E3B53 /* Release */ = {
			isa = XCBuildConfiguration;
			buildSettings = {
				ALWAYS_EMBED_SWIFT_STANDARD_LIBRARIES = YES;
				CODE_SIGN_STYLE = Automatic;
				CURRENT_PROJECT_VERSION = 1;
				GENERATE_INFOPLIST_FILE = YES;
				MARKETING_VERSION = 1.0;
				PRODUCT_BUNDLE_IDENTIFIER = project.loginUITests;
				PRODUCT_NAME = "$(TARGET_NAME)";
				SWIFT_EMIT_LOC_STRINGS = NO;
				SWIFT_VERSION = 5.0;
				TARGETED_DEVICE_FAMILY = "1,2";
				TEST_TARGET_NAME = login;
			};
			name = Release;
		};
/* End XCBuildConfiguration section */

/* Begin XCConfigurationList section */
		32EC47D129159BB6000E3B53 /* Build configuration list for PBXProject "login" */ = {
			isa = XCConfigurationList;
			buildConfigurations = (
				32EC47FE29159BB9000E3B53 /* Debug */,
				32EC47FF29159BB9000E3B53 /* Release */,
			);
			defaultConfigurationIsVisible = 0;
			defaultConfigurationName = Release;
		};
		32EC480029159BB9000E3B53 /* Build configuration list for PBXNativeTarget "login" */ = {
			isa = XCConfigurationList;
			buildConfigurations = (
				32EC480129159BB9000E3B53 /* Debug */,
				32EC480229159BB9000E3B53 /* Release */,
			);
			defaultConfigurationIsVisible = 0;
			defaultConfigurationName = Release;
		};
		32EC480329159BB9000E3B53 /* Build configuration list for PBXNativeTarget "loginTests" */ = {
			isa = XCConfigurationList;
			buildConfigurations = (
				32EC480429159BB9000E3B53 /* Debug */,
				32EC480529159BB9000E3B53 /* Release */,
			);
			defaultConfigurationIsVisible = 0;
			defaultConfigurationName = Release;
		};
		32EC480629159BB9000E3B53 /* Build configuration list for PBXNativeTarget "loginUITests" */ = {
			isa = XCConfigurationList;
			buildConfigurations = (
				32EC480729159BB9000E3B53 /* Debug */,
				32EC480829159BB9000E3B53 /* Release */,
			);
			defaultConfigurationIsVisible = 0;
			defaultConfigurationName = Release;
		};
/* End XCConfigurationList section */
	};
	rootObject = 32EC47CE29159BB6000E3B53 /* Project object */;
}
